{
  "lockfileVersion": 1,
  "configVersion": 1,
  "workspaces": {
    "": {
      "name": "spike-compact-browser",
      "dependencies": {
        "@midnight-ntwrk/compact-runtime": "0.14.0",
      },
    },
  },
  "packages": {
    "@midnight-ntwrk/compact-runtime": ["@midnight-ntwrk/compact-runtime@0.14.0", "", { "dependencies": { "@midnight-ntwrk/onchain-runtime-v2": "^2.0.0", "@types/object-inspect": "^1.8.1", "object-inspect": "^1.12.3" } }, "sha512-VfZmfPDedRUPAYIhKAgS5y+KtxOkSSOCS24PAsGMjhMpzJaaWVSd5SajF6HtNZsciL54sqru4EpWvmCAqsbmYQ=="],

    "@midnight-ntwrk/onchain-runtime-v2": ["@midnight-ntwrk/onchain-runtime-v2@2.0.1", "", {}, "sha512-nVtDyPaWD14thZuSz/MVUNNkv4HO2nYf3E3QbaRCE4UR+jKnUrd0s/BN0fLpnrYFlcMNHS7/sZqAeosV80tsOQ=="],

    "@types/object-inspect": ["@types/object-inspect@1.13.0", "", {}, "sha512-lwGTVESDDV+XsQ1pH4UifpJ1f7OtXzQ6QBOX2Afq2bM/T3oOt8hF6exJMjjIjtEWeAN2YAo25J7HxWh97CCz9w=="],

    "object-inspect": ["object-inspect@1.13.4", "", {}, "sha512-W67iLl4J2EXEGTbfeHCffrjDfitvLANg0UlX3wFUUSTx92KXRFegMHUVgSqE+wvhAbi4WqjGg9czysTV2Epbew=="],
  }
}
